
Microsoft Visual Studio Solution File, Format Version 12.00
# Visual Studio Version 16
VisualStudioVersion = 16.0.28809.33
MinimumVisualStudioVersion = 15.0.26124.0
Project("{9A19103F-16F7-4668-BE54-9A1E7A4F7556}") = "parser", "src\parser.csproj", "{F1DDB1C0-2653-480B-B638-0F9098D94FAC}"
	ProjectSection(ProjectDependencies) = postProject
		{F4CDDADB-FD46-4E34-85F4-30DDB92B0702} = {F4CDDADB-FD46-4E34-85F4-30DDB92B0702}
	EndProjectSection
EndProject
Project("{9A19103F-16F7-4668-BE54-9A1E7A4F7556}") = "lexer", "lexer\lexer.csproj", "{F4CDDADB-FD46-4E34-85F4-30DDB92B0702}"
EndProject
Project("{9A19103F-16F7-4668-BE54-9A1E7A4F7556}") = "parser.tests", "parser.tests\parser.tests.csproj", "{A84F4685-AC5B-400D-A7ED-6604CB2DCCAD}"
EndProject
Global
	GlobalSection(SolutionConfigurationPlatforms) = preSolution
		Debug|Any CPU = Debug|Any CPU
		Debug|x64 = Debug|x64
		Debug|x86 = Debug|x86
		Release|Any CPU = Release|Any CPU
		Release|x64 = Release|x64
		Release|x86 = Release|x86
	EndGlobalSection
	GlobalSection(ProjectConfigurationPlatforms) = postSolution
		{F1DDB1C0-2653-480B-B638-0F9098D94FAC}.Debug|Any CPU.ActiveCfg = Debug|Any CPU
		{F1DDB1C0-2653-480B-B638-0F9098D94FAC}.Debug|Any CPU.Build.0 = Debug|Any CPU
		{F1DDB1C0-2653-480B-B638-0F9098D94FAC}.Debug|x64.ActiveCfg = Debug|Any CPU
		{F1DDB1C0-2653-480B-B638-0F9098D94FAC}.Debug|x64.Build.0 = Debug|Any CPU
		{F1DDB1C0-2653-480B-B638-0F9098D94FAC}.Debug|x86.ActiveCfg = Debug|Any CPU
		{F1DDB1C0-2653-480B-B638-0F9098D94FAC}.Debug|x86.Build.0 = Debug|Any CPU
		{F1DDB1C0-2653-480B-B638-0F9098D94FAC}.Release|Any CPU.ActiveCfg = Release|Any CPU
		{F1DDB1C0-2653-480B-B638-0F9098D94FAC}.Release|Any CPU.Build.0 = Release|Any CPU
		{F1DDB1C0-2653-480B-B638-0F9098D94FAC}.Release|x64.ActiveCfg = Release|Any CPU
		{F1DDB1C0-2653-480B-B638-0F9098D94FAC}.Release|x64.Build.0 = Release|Any CPU
		{F1DDB1C0-2653-480B-B638-0F9098D94FAC}.Release|x86.ActiveCfg = Release|Any CPU
		{F1DDB1C0-2653-480B-B638-0F9098D94FAC}.Release|x86.Build.0 = Release|Any CPU
		{F4CDDADB-FD46-4E34-85F4-30DDB92B0702}.Debug|Any CPU.ActiveCfg = Debug|Any CPU
		{F4CDDADB-FD46-4E34-85F4-30DDB92B0702}.Debug|Any CPU.Build.0 = Debug|Any CPU
		{F4CDDADB-FD46-4E34-85F4-30DDB92B0702}.Debug|x64.ActiveCfg = Debug|Any CPU
		{F4CDDADB-FD46-4E34-85F4-30DDB92B0702}.Debug|x64.Build.0 = Debug|Any CPU
		{F4CDDADB-FD46-4E34-85F4-30DDB92B0702}.Debug|x86.ActiveCfg = Debug|Any CPU
		{F4CDDADB-FD46-4E34-85F4-30DDB92B0702}.Debug|x86.Build.0 = Debug|Any CPU
		{F4CDDADB-FD46-4E34-85F4-30DDB92B0702}.Release|Any CPU.ActiveCfg = Release|Any CPU
		{F4CDDADB-FD46-4E34-85F4-30DDB92B0702}.Release|Any CPU.Build.0 = Release|Any CPU
		{F4CDDADB-FD46-4E34-85F4-30DDB92B0702}.Release|x64.ActiveCfg = Release|Any CPU
		{F4CDDADB-FD46-4E34-85F4-30DDB92B0702}.Release|x64.Build.0 = Release|Any CPU
		{F4CDDADB-FD46-4E34-85F4-30DDB92B0702}.Release|x86.ActiveCfg = Release|Any CPU
		{F4CDDADB-FD46-4E34-85F4-30DDB92B0702}.Release|x86.Build.0 = Release|Any CPU
		{A84F4685-AC5B-400D-A7ED-6604CB2DCCAD}.Debug|Any CPU.ActiveCfg = Debug|Any CPU
		{A84F4685-AC5B-400D-A7ED-6604CB2DCCAD}.Debug|Any CPU.Build.0 = Debug|Any CPU
		{A84F4685-AC5B-400D-A7ED-6604CB2DCCAD}.Debug|x64.ActiveCfg = Debug|Any CPU
		{A84F4685-AC5B-400D-A7ED-6604CB2DCCAD}.Debug|x64.Build.0 = Debug|Any CPU
		{A84F4685-AC5B-400D-A7ED-6604CB2DCCAD}.Debug|x86.ActiveCfg = Debug|Any CPU
		{A84F4685-AC5B-400D-A7ED-6604CB2DCCAD}.Debug|x86.Build.0 = Debug|Any CPU
		{A84F4685-AC5B-400D-A7ED-6604CB2DCCAD}.Release|Any CPU.ActiveCfg = Release|Any CPU
		{A84F4685-AC5B-400D-A7ED-6604CB2DCCAD}.Release|Any CPU.Build.0 = Release|Any CPU
		{A84F4685-AC5B-400D-A7ED-6604CB2DCCAD}.Release|x64.ActiveCfg = Release|Any CPU
		{A84F4685-AC5B-400D-A7ED-6604CB2DCCAD}.Release|x64.Build.0 = Release|Any CPU
		{A84F4685-AC5B-400D-A7ED-6604CB2DCCAD}.Release|x86.ActiveCfg = Release|Any CPU
		{A84F4685-AC5B-400D-A7ED-6604CB2DCCAD}.Release|x86.Build.0 = Release|Any CPU
	EndGlobalSection
	GlobalSection(SolutionProperties) = preSolution
		HideSolutionNode = FALSE
	EndGlobalSection
	GlobalSection(ExtensibilityGlobals) = postSolution
		SolutionGuid = {80536695-90B2-4F8B-9BED-7FE9331B999A}
	EndGlobalSection
EndGlobal
