
Microsoft Visual Studio Solution File, Format Version 12.00
# Visual Studio Version 16
VisualStudioVersion = 16.0.30914.41
MinimumVisualStudioVersion = 15.0.26124.0
Project("{2150E333-8FDC-42A3-9474-1A3956D46DE8}") = "Projects", "src", "{6066CD2F-30DB-4EC0-A4C7-209558460288}"
EndProject
Project("{9A19103F-16F7-4668-BE54-9A1E7A4F7556}") = "NML.Parser", "src\NML.Parser\NML.Parser.csproj", "{B488D844-CA00-4DF7-B2CD-0EAF34C58989}"
EndProject
Project("{9A19103F-16F7-4668-BE54-9A1E7A4F7556}") = "NML.Transpiler", "src\NML.Transpiler\NML.Transpiler.csproj", "{171895D4-6EB3-4738-8016-2F01E66CADF1}"
EndProject
Project("{9A19103F-16F7-4668-BE54-9A1E7A4F7556}") = "NML.Transpiler.Tool", "src\NML.Transpiler.Tool\NML.Transpiler.Tool.csproj", "{2EDBB550-7648-4321-935C-ACA482E357F1}"
EndProject
Project("{2150E333-8FDC-42A3-9474-1A3956D46DE8}") = "Tests", "test", "{93C43A35-A588-4142-9DA8-24BC55CB7BB4}"
EndProject
Project("{9A19103F-16F7-4668-BE54-9A1E7A4F7556}") = "NML.Parser.Test", "test\NML.Parser.Tests\NML.Parser.Test.csproj", "{35B37FB0-DBDC-49D3-9D5D-F4650AA4788F}"
EndProject
Project("{9A19103F-16F7-4668-BE54-9A1E7A4F7556}") = "NML.Transpiler.Test", "test\NML.Transpiler.Tests\NML.Transpiler.Test.csproj", "{AFB7B374-7C5A-4D2F-AC54-003059E3294A}"
EndProject
Global
	GlobalSection(SolutionConfigurationPlatforms) = preSolution
		Debug|Any CPU = Debug|Any CPU
		Debug|x64 = Debug|x64
		Debug|x86 = Debug|x86
		Release|Any CPU = Release|Any CPU
		Release|x64 = Release|x64
		Release|x86 = Release|x86
	EndGlobalSection
	GlobalSection(ProjectConfigurationPlatforms) = postSolution
		{B488D844-CA00-4DF7-B2CD-0EAF34C58989}.Debug|Any CPU.ActiveCfg = Debug|Any CPU
		{B488D844-CA00-4DF7-B2CD-0EAF34C58989}.Debug|Any CPU.Build.0 = Debug|Any CPU
		{B488D844-CA00-4DF7-B2CD-0EAF34C58989}.Debug|x64.ActiveCfg = Debug|Any CPU
		{B488D844-CA00-4DF7-B2CD-0EAF34C58989}.Debug|x64.Build.0 = Debug|Any CPU
		{B488D844-CA00-4DF7-B2CD-0EAF34C58989}.Debug|x86.ActiveCfg = Debug|Any CPU
		{B488D844-CA00-4DF7-B2CD-0EAF34C58989}.Debug|x86.Build.0 = Debug|Any CPU
		{B488D844-CA00-4DF7-B2CD-0EAF34C58989}.Release|Any CPU.ActiveCfg = Release|Any CPU
		{B488D844-CA00-4DF7-B2CD-0EAF34C58989}.Release|Any CPU.Build.0 = Release|Any CPU
		{B488D844-CA00-4DF7-B2CD-0EAF34C58989}.Release|x64.ActiveCfg = Release|Any CPU
		{B488D844-CA00-4DF7-B2CD-0EAF34C58989}.Release|x64.Build.0 = Release|Any CPU
		{B488D844-CA00-4DF7-B2CD-0EAF34C58989}.Release|x86.ActiveCfg = Release|Any CPU
		{B488D844-CA00-4DF7-B2CD-0EAF34C58989}.Release|x86.Build.0 = Release|Any CPU
		{171895D4-6EB3-4738-8016-2F01E66CADF1}.Debug|Any CPU.ActiveCfg = Debug|Any CPU
		{171895D4-6EB3-4738-8016-2F01E66CADF1}.Debug|Any CPU.Build.0 = Debug|Any CPU
		{171895D4-6EB3-4738-8016-2F01E66CADF1}.Debug|x64.ActiveCfg = Debug|Any CPU
		{171895D4-6EB3-4738-8016-2F01E66CADF1}.Debug|x64.Build.0 = Debug|Any CPU
		{171895D4-6EB3-4738-8016-2F01E66CADF1}.Debug|x86.ActiveCfg = Debug|Any CPU
		{171895D4-6EB3-4738-8016-2F01E66CADF1}.Debug|x86.Build.0 = Debug|Any CPU
		{171895D4-6EB3-4738-8016-2F01E66CADF1}.Release|Any CPU.ActiveCfg = Release|Any CPU
		{171895D4-6EB3-4738-8016-2F01E66CADF1}.Release|Any CPU.Build.0 = Release|Any CPU
		{171895D4-6EB3-4738-8016-2F01E66CADF1}.Release|x64.ActiveCfg = Release|Any CPU
		{171895D4-6EB3-4738-8016-2F01E66CADF1}.Release|x64.Build.0 = Release|Any CPU
		{171895D4-6EB3-4738-8016-2F01E66CADF1}.Release|x86.ActiveCfg = Release|Any CPU
		{171895D4-6EB3-4738-8016-2F01E66CADF1}.Release|x86.Build.0 = Release|Any CPU
		{2EDBB550-7648-4321-935C-ACA482E357F1}.Debug|Any CPU.ActiveCfg = Debug|Any CPU
		{2EDBB550-7648-4321-935C-ACA482E357F1}.Debug|Any CPU.Build.0 = Debug|Any CPU
		{2EDBB550-7648-4321-935C-ACA482E357F1}.Debug|x64.ActiveCfg = Debug|Any CPU
		{2EDBB550-7648-4321-935C-ACA482E357F1}.Debug|x64.Build.0 = Debug|Any CPU
		{2EDBB550-7648-4321-935C-ACA482E357F1}.Debug|x86.ActiveCfg = Debug|Any CPU
		{2EDBB550-7648-4321-935C-ACA482E357F1}.Debug|x86.Build.0 = Debug|Any CPU
		{2EDBB550-7648-4321-935C-ACA482E357F1}.Release|Any CPU.ActiveCfg = Release|Any CPU
		{2EDBB550-7648-4321-935C-ACA482E357F1}.Release|Any CPU.Build.0 = Release|Any CPU
		{2EDBB550-7648-4321-935C-ACA482E357F1}.Release|x64.ActiveCfg = Release|Any CPU
		{2EDBB550-7648-4321-935C-ACA482E357F1}.Release|x64.Build.0 = Release|Any CPU
		{2EDBB550-7648-4321-935C-ACA482E357F1}.Release|x86.ActiveCfg = Release|Any CPU
		{2EDBB550-7648-4321-935C-ACA482E357F1}.Release|x86.Build.0 = Release|Any CPU
		{35B37FB0-DBDC-49D3-9D5D-F4650AA4788F}.Debug|Any CPU.ActiveCfg = Debug|Any CPU
		{35B37FB0-DBDC-49D3-9D5D-F4650AA4788F}.Debug|Any CPU.Build.0 = Debug|Any CPU
		{35B37FB0-DBDC-49D3-9D5D-F4650AA4788F}.Debug|x64.ActiveCfg = Debug|Any CPU
		{35B37FB0-DBDC-49D3-9D5D-F4650AA4788F}.Debug|x64.Build.0 = Debug|Any CPU
		{35B37FB0-DBDC-49D3-9D5D-F4650AA4788F}.Debug|x86.ActiveCfg = Debug|Any CPU
		{35B37FB0-DBDC-49D3-9D5D-F4650AA4788F}.Debug|x86.Build.0 = Debug|Any CPU
		{35B37FB0-DBDC-49D3-9D5D-F4650AA4788F}.Release|Any CPU.ActiveCfg = Release|Any CPU
		{35B37FB0-DBDC-49D3-9D5D-F4650AA4788F}.Release|Any CPU.Build.0 = Release|Any CPU
		{35B37FB0-DBDC-49D3-9D5D-F4650AA4788F}.Release|x64.ActiveCfg = Release|Any CPU
		{35B37FB0-DBDC-49D3-9D5D-F4650AA4788F}.Release|x64.Build.0 = Release|Any CPU
		{35B37FB0-DBDC-49D3-9D5D-F4650AA4788F}.Release|x86.ActiveCfg = Release|Any CPU
		{35B37FB0-DBDC-49D3-9D5D-F4650AA4788F}.Release|x86.Build.0 = Release|Any CPU
		{AFB7B374-7C5A-4D2F-AC54-003059E3294A}.Debug|Any CPU.ActiveCfg = Debug|Any CPU
		{AFB7B374-7C5A-4D2F-AC54-003059E3294A}.Debug|Any CPU.Build.0 = Debug|Any CPU
		{AFB7B374-7C5A-4D2F-AC54-003059E3294A}.Debug|x64.ActiveCfg = Debug|Any CPU
		{AFB7B374-7C5A-4D2F-AC54-003059E3294A}.Debug|x64.Build.0 = Debug|Any CPU
		{AFB7B374-7C5A-4D2F-AC54-003059E3294A}.Debug|x86.ActiveCfg = Debug|Any CPU
		{AFB7B374-7C5A-4D2F-AC54-003059E3294A}.Debug|x86.Build.0 = Debug|Any CPU
		{AFB7B374-7C5A-4D2F-AC54-003059E3294A}.Release|Any CPU.ActiveCfg = Release|Any CPU
		{AFB7B374-7C5A-4D2F-AC54-003059E3294A}.Release|Any CPU.Build.0 = Release|Any CPU
		{AFB7B374-7C5A-4D2F-AC54-003059E3294A}.Release|x64.ActiveCfg = Release|Any CPU
		{AFB7B374-7C5A-4D2F-AC54-003059E3294A}.Release|x64.Build.0 = Release|Any CPU
		{AFB7B374-7C5A-4D2F-AC54-003059E3294A}.Release|x86.ActiveCfg = Release|Any CPU
		{AFB7B374-7C5A-4D2F-AC54-003059E3294A}.Release|x86.Build.0 = Release|Any CPU
	EndGlobalSection
	GlobalSection(SolutionProperties) = preSolution
		HideSolutionNode = FALSE
	EndGlobalSection
	GlobalSection(NestedProjects) = preSolution
		{B488D844-CA00-4DF7-B2CD-0EAF34C58989} = {6066CD2F-30DB-4EC0-A4C7-209558460288}
		{171895D4-6EB3-4738-8016-2F01E66CADF1} = {6066CD2F-30DB-4EC0-A4C7-209558460288}
		{2EDBB550-7648-4321-935C-ACA482E357F1} = {6066CD2F-30DB-4EC0-A4C7-209558460288}
		{35B37FB0-DBDC-49D3-9D5D-F4650AA4788F} = {93C43A35-A588-4142-9DA8-24BC55CB7BB4}
		{AFB7B374-7C5A-4D2F-AC54-003059E3294A} = {93C43A35-A588-4142-9DA8-24BC55CB7BB4}
	EndGlobalSection
	GlobalSection(ExtensibilityGlobals) = postSolution
		SolutionGuid = {5373D64C-51E1-4442-9140-C442B1377BD1}
	EndGlobalSection
EndGlobal
